
Microsoft Visual Studio Solution File, Format Version 12.00
# Visual Studio Version 17
VisualStudioVersion = 17.5.002.0
MinimumVisualStudioVersion = 10.0.40219.1
Project("{9A19103F-16F7-4668-BE54-9A1E7A4F7556}") = "MiniPaymentAPI.Data", "MiniPaymentAPI.Data\MiniPaymentAPI.Data.csproj", "{5AD0F9CD-5943-4C0E-BF95-7352A0F6C5DC}"
EndProject
Project("{9A19103F-16F7-4668-BE54-9A1E7A4F7556}") = "MiniPaymentAPI.Services", "MiniPaymentAPI.Services\MiniPaymentAPI.Services.csproj", "{7244850A-331E-45DD-B8B9-298DF66E58D2}"
EndProject
Project("{9A19103F-16F7-4668-BE54-9A1E7A4F7556}") = "MiniPaymentAPI", "MiniPaymentAPI\MiniPaymentAPI.csproj", "{223F0535-2A54-42C2-BDF2-B489286079DC}"
EndProject
Global
	GlobalSection(SolutionConfigurationPlatforms) = preSolution
		Debug|Any CPU = Debug|Any CPU
		Release|Any CPU = Release|Any CPU
	EndGlobalSection
	GlobalSection(ProjectConfigurationPlatforms) = postSolution
		{5AD0F9CD-5943-4C0E-BF95-7352A0F6C5DC}.Debug|Any CPU.ActiveCfg = Debug|Any CPU
		{5AD0F9CD-5943-4C0E-BF95-7352A0F6C5DC}.Debug|Any CPU.Build.0 = Debug|Any CPU
		{5AD0F9CD-5943-4C0E-BF95-7352A0F6C5DC}.Release|Any CPU.ActiveCfg = Release|Any CPU
		{5AD0F9CD-5943-4C0E-BF95-7352A0F6C5DC}.Release|Any CPU.Build.0 = Release|Any CPU
		{7244850A-331E-45DD-B8B9-298DF66E58D2}.Debug|Any CPU.ActiveCfg = Debug|Any CPU
		{7244850A-331E-45DD-B8B9-298DF66E58D2}.Debug|Any CPU.Build.0 = Debug|Any CPU
		{7244850A-331E-45DD-B8B9-298DF66E58D2}.Release|Any CPU.ActiveCfg = Release|Any CPU
		{7244850A-331E-45DD-B8B9-298DF66E58D2}.Release|Any CPU.Build.0 = Release|Any CPU
		{223F0535-2A54-42C2-BDF2-B489286079DC}.Debug|Any CPU.ActiveCfg = Debug|Any CPU
		{223F0535-2A54-42C2-BDF2-B489286079DC}.Debug|Any CPU.Build.0 = Debug|Any CPU
		{223F0535-2A54-42C2-BDF2-B489286079DC}.Release|Any CPU.ActiveCfg = Release|Any CPU
		{223F0535-2A54-42C2-BDF2-B489286079DC}.Release|Any CPU.Build.0 = Release|Any CPU
	EndGlobalSection
	GlobalSection(SolutionProperties) = preSolution
		HideSolutionNode = FALSE
	EndGlobalSection
	GlobalSection(ExtensibilityGlobals) = postSolution
		SolutionGuid = {87EC68A1-C232-435B-917A-092C65A980C4}
	EndGlobalSection
EndGlobal
