
Microsoft Visual Studio Solution File, Format Version 12.00
# Visual Studio Version 17
VisualStudioVersion = 17.5.002.0
MinimumVisualStudioVersion = 10.0.40219.1
Project("{9A19103F-16F7-4668-BE54-9A1E7A4F7556}") = "MiniPaymentAPI", "MiniPaymentAPI.csproj", "{168C112A-9655-4B14-9AB2-65D06D6DB67C}"
EndProject
Project("{FAE04EC0-301F-11D3-BF4B-00C04F79EFBC}") = "MiniPaymentAPI.Data", "MiniPaymentAPI.Data\MiniPaymentAPI.Data.csproj", "{5AD0F9CD-5943-4C0E-BF95-7352A0F6C5DC}"
EndProject
Global
	GlobalSection(SolutionConfigurationPlatforms) = preSolution
		Debug|Any CPU = Debug|Any CPU
		Release|Any CPU = Release|Any CPU
	EndGlobalSection
	GlobalSection(ProjectConfigurationPlatforms) = postSolution
		{168C112A-9655-4B14-9AB2-65D06D6DB67C}.Debug|Any CPU.ActiveCfg = Debug|Any CPU
		{168C112A-9655-4B14-9AB2-65D06D6DB67C}.Debug|Any CPU.Build.0 = Debug|Any CPU
		{168C112A-9655-4B14-9AB2-65D06D6DB67C}.Release|Any CPU.ActiveCfg = Release|Any CPU
		{168C112A-9655-4B14-9AB2-65D06D6DB67C}.Release|Any CPU.Build.0 = Release|Any CPU
	EndGlobalSection
	GlobalSection(SolutionProperties) = preSolution
		HideSolutionNode = FALSE
	EndGlobalSection
	GlobalSection(ExtensibilityGlobals) = postSolution
		SolutionGuid = {87EC68A1-C232-435B-917A-092C65A980C4}
	EndGlobalSection
EndGlobal
